
Microsoft Visual Studio Solution File, Format Version 12.00
# Visual Studio 15
VisualStudioVersion = 15.0.28307.1259
MinimumVisualStudioVersion = 10.0.40219.1
Project("{FAE04EC0-301F-11D3-BF4B-00C04F79EFBC}") = "Exercise1", "Exercise1\Exercise1.csproj", "{CA8D76B0-4C6F-425C-B2BB-B011E38F76B8}"
EndProject
Global
	GlobalSection(SolutionConfigurationPlatforms) = preSolution
		Debug|Any CPU = Debug|Any CPU
		Release|Any CPU = Release|Any CPU
	EndGlobalSection
	GlobalSection(ProjectConfigurationPlatforms) = postSolution
		{CA8D76B0-4C6F-425C-B2BB-B011E38F76B8}.Debug|Any CPU.ActiveCfg = Debug|Any CPU
		{CA8D76B0-4C6F-425C-B2BB-B011E38F76B8}.Debug|Any CPU.Build.0 = Debug|Any CPU
		{CA8D76B0-4C6F-425C-B2BB-B011E38F76B8}.Release|Any CPU.ActiveCfg = Release|Any CPU
		{CA8D76B0-4C6F-425C-B2BB-B011E38F76B8}.Release|Any CPU.Build.0 = Release|Any CPU
	EndGlobalSection
	GlobalSection(SolutionProperties) = preSolution
		HideSolutionNode = FALSE
	EndGlobalSection
	GlobalSection(ExtensibilityGlobals) = postSolution
		SolutionGuid = {D4B34C38-FCBC-4015-B853-F0C527F74BCE}
	EndGlobalSection
EndGlobal
